
Microsoft Visual Studio Solution File, Format Version 12.00
# Visual Studio Version 17
VisualStudioVersion = 17.4.33122.133
MinimumVisualStudioVersion = 10.0.40219.1
Project("{8BC9CEB8-8B4A-11D0-8D11-00A0C91BC942}") = "打字游戏", "打字游戏.vcxproj", "{EDA2540D-325D-49B1-9DEC-EE6E980034A7}"
EndProject
Global
	GlobalSection(SolutionConfigurationPlatforms) = preSolution
		Debug|x64 = Debug|x64
		Debug|x86 = Debug|x86
		Release|x64 = Release|x64
		Release|x86 = Release|x86
	EndGlobalSection
	GlobalSection(ProjectConfigurationPlatforms) = postSolution
		{EDA2540D-325D-49B1-9DEC-EE6E980034A7}.Debug|x64.ActiveCfg = Debug|x64
		{EDA2540D-325D-49B1-9DEC-EE6E980034A7}.Debug|x64.Build.0 = Debug|x64
		{EDA2540D-325D-49B1-9DEC-EE6E980034A7}.Debug|x86.ActiveCfg = Debug|Win32
		{EDA2540D-325D-49B1-9DEC-EE6E980034A7}.Debug|x86.Build.0 = Debug|Win32
		{EDA2540D-325D-49B1-9DEC-EE6E980034A7}.Release|x64.ActiveCfg = Release|x64
		{EDA2540D-325D-49B1-9DEC-EE6E980034A7}.Release|x64.Build.0 = Release|x64
		{EDA2540D-325D-49B1-9DEC-EE6E980034A7}.Release|x86.ActiveCfg = Release|Win32
		{EDA2540D-325D-49B1-9DEC-EE6E980034A7}.Release|x86.Build.0 = Release|Win32
	EndGlobalSection
	GlobalSection(SolutionProperties) = preSolution
		HideSolutionNode = FALSE
	EndGlobalSection
	GlobalSection(ExtensibilityGlobals) = postSolution
		SolutionGuid = {4F78AD7E-106C-46A1-9E43-EBE2C16C3E29}
	EndGlobalSection
EndGlobal
